
Microsoft Visual Studio Solution File, Format Version 12.00
Project("{FAE04EC0-301F-11D3-BF4B-00C04F79EFBC}") = "AdventOfCode2020", "AdventOfCode2020\AdventOfCode2020.csproj", "{17AD5AB3-3690-475A-BC0C-AAC81C278605}"
EndProject
Project("{FAE04EC0-301F-11D3-BF4B-00C04F79EFBC}") = "ChallengeTests", "test\ChallengeTests\ChallengeTests.csproj", "{EDEBD52F-5A12-4FB0-AF63-CC9A754187BA}"
EndProject
Global
	GlobalSection(SolutionConfigurationPlatforms) = preSolution
		Debug|Any CPU = Debug|Any CPU
		Release|Any CPU = Release|Any CPU
	EndGlobalSection
	GlobalSection(ProjectConfigurationPlatforms) = postSolution
		{17AD5AB3-3690-475A-BC0C-AAC81C278605}.Debug|Any CPU.ActiveCfg = Debug|Any CPU
		{17AD5AB3-3690-475A-BC0C-AAC81C278605}.Debug|Any CPU.Build.0 = Debug|Any CPU
		{17AD5AB3-3690-475A-BC0C-AAC81C278605}.Release|Any CPU.ActiveCfg = Release|Any CPU
		{17AD5AB3-3690-475A-BC0C-AAC81C278605}.Release|Any CPU.Build.0 = Release|Any CPU
		{EDEBD52F-5A12-4FB0-AF63-CC9A754187BA}.Debug|Any CPU.ActiveCfg = Debug|Any CPU
		{EDEBD52F-5A12-4FB0-AF63-CC9A754187BA}.Debug|Any CPU.Build.0 = Debug|Any CPU
		{EDEBD52F-5A12-4FB0-AF63-CC9A754187BA}.Release|Any CPU.ActiveCfg = Release|Any CPU
		{EDEBD52F-5A12-4FB0-AF63-CC9A754187BA}.Release|Any CPU.Build.0 = Release|Any CPU
	EndGlobalSection
EndGlobal
